<?xml version="1.0" encoding="utf-8"?>
<Project ToolsVersion="4.0" xmlns="http://schemas.microsoft.com/developer/msbuild/2003">
  <ItemGroup>
    <Filter Include="Source Files">
      <UniqueIdentifier>{4FC737F1-C7A5-4376-A066-2A32D752A2FF}</UniqueIdentifier>
      <Extensions>cpp;c;cc;cxx;c++;cppm;ixx;def;odl;idl;hpj;bat;asm;asmx</Extensions>
    </Filter>
    <Filter Include="Header Files">
      <UniqueIdentifier>{93995380-89BD-4b04-88EB-625FBE52EBFB}</UniqueIdentifier>
      <Extensions>h;hh;hpp;hxx;h++;hm;inl;inc;ipp;xsd</Extensions>
    </Filter>
    <Filter Include="Resource Files">
      <UniqueIdentifier>{67DA6AB6-F800-4c08-8B7A-83BB121AAD01}</UniqueIdentifier>
      <Extensions>rc;ico;cur;bmp;dlg;rc2;rct;bin;rgs;gif;jpg;jpeg;jpe;resx;tiff;tif;png;wav;mfcribbon-ms</Extensions>
    </Filter>
  </ItemGroup>
  <ItemGroup>
    <ClCompile Include="main.cpp">
      <Filter>Source Files</Filter>
    </ClCompile>
    <ClCompile Include="produs.cpp">
      <Filter>Source Files</Filter>
    </ClCompile>
    <ClCompile Include="produsvanzare.cpp">
      <Filter>Source Files</Filter>
    </ClCompile>
    <ClCompile Include="produsexpirabil.cpp">
      <Filter>Source Files</Filter>
    </ClCompile>
    <ClCompile Include="meniu.cpp">
      <Filter>Source Files</Filter>
    </ClCompile>
    <ClCompile Include="electrocasnice.cpp">
      <Filter>Source Files</Filter>
    </ClCompile>
    <ClCompile Include="lactate.cpp">
      <Filter>Source Files</Filter>
    </ClCompile>
    <ClCompile Include="unelte.cpp">
      <Filter>Source Files</Filter>
    </ClCompile>
    <ClCompile Include="patiserie.cpp">
      <Filter>Source Files</Filter>
    </ClCompile>
    <ClCompile Include="mezeluri.cpp">
      <Filter>Source Files</Filter>
    </ClCompile>
    <ClCompile Include="magazin.cpp">
      <Filter>Source Files</Filter>
    </ClCompile>
    <ClCompile Include="masinadespalat.cpp">
      <Filter>Source Files</Filter>
    </ClCompile>
    <ClCompile Include="aspirator.cpp">
      <Filter>Source Files</Filter>
    </ClCompile>
    <ClCompile Include="frigider.cpp">
      <Filter>Source Files</Filter>
    </ClCompile>
    <ClCompile Include="cuptor.cpp">
      <Filter>Source Files</Filter>
    </ClCompile>
    <ClCompile Include="lapte.cpp">
      <Filter>Source Files</Filter>
    </ClCompile>
    <ClCompile Include="iaurt.cpp">
      <Filter>Source Files</Filter>
    </ClCompile>
    <ClCompile Include="telemea.cpp">
      <Filter>Source Files</Filter>
    </ClCompile>
    <ClCompile Include="salam.cpp">
      <Filter>Source Files</Filter>
    </ClCompile>
    <ClCompile Include="sunca.cpp">
      <Filter>Source Files</Filter>
    </ClCompile>
    <ClCompile Include="carnati.cpp">
      <Filter>Source Files</Filter>
    </ClCompile>
    <ClCompile Include="lopata.cpp">
      <Filter>Source Files</Filter>
    </ClCompile>
    <ClCompile Include="tarnacop.cpp">
      <Filter>Source Files</Filter>
    </ClCompile>
    <ClCompile Include="ciocan.cpp">
      <Filter>Source Files</Filter>
    </ClCompile>
    <ClCompile Include="croissant.cpp">
      <Filter>Source Files</Filter>
    </ClCompile>
    <ClCompile Include="ecler.cpp">
      <Filter>Source Files</Filter>
    </ClCompile>
    <ClCompile Include="strudel.cpp">
      <Filter>Source Files</Filter>
    </ClCompile>
  </ItemGroup>
  <ItemGroup>
    <ClInclude Include="produs.h">
      <Filter>Header Files</Filter>
    </ClInclude>
    <ClInclude Include="produsvanzare.h">
      <Filter>Header Files</Filter>
    </ClInclude>
    <ClInclude Include="produsexpirabil.h">
      <Filter>Header Files</Filter>
    </ClInclude>
    <ClInclude Include="meniu.h">
      <Filter>Header Files</Filter>
    </ClInclude>
    <ClInclude Include="electrocasnice.h">
      <Filter>Header Files</Filter>
    </ClInclude>
    <ClInclude Include="lactate.h">
      <Filter>Header Files</Filter>
    </ClInclude>
    <ClInclude Include="unelte.h">
      <Filter>Header Files</Filter>
    </ClInclude>
    <ClInclude Include="patiserie.h">
      <Filter>Header Files</Filter>
    </ClInclude>
    <ClInclude Include="mezeluri.h">
      <Filter>Header Files</Filter>
    </ClInclude>
    <ClInclude Include="magazin.h">
      <Filter>Header Files</Filter>
    </ClInclude>
    <ClInclude Include="masinadespalat.h">
      <Filter>Header Files</Filter>
    </ClInclude>
    <ClInclude Include="aspirator.h">
      <Filter>Header Files</Filter>
    </ClInclude>
    <ClInclude Include="frigider.h">
      <Filter>Header Files</Filter>
    </ClInclude>
    <ClInclude Include="cuptor.h">
      <Filter>Header Files</Filter>
    </ClInclude>
    <ClInclude Include="lapte.h">
      <Filter>Header Files</Filter>
    </ClInclude>
    <ClInclude Include="iaurt.h">
      <Filter>Header Files</Filter>
    </ClInclude>
    <ClInclude Include="telemea.h">
      <Filter>Header Files</Filter>
    </ClInclude>
    <ClInclude Include="salam.h">
      <Filter>Header Files</Filter>
    </ClInclude>
    <ClInclude Include="sunca.h">
      <Filter>Header Files</Filter>
    </ClInclude>
    <ClInclude Include="carnati.h">
      <Filter>Header Files</Filter>
    </ClInclude>
    <ClInclude Include="lopata.h">
      <Filter>Header Files</Filter>
    </ClInclude>
    <ClInclude Include="tarnacop.h">
      <Filter>Header Files</Filter>
    </ClInclude>
    <ClInclude Include="ciocan.h">
      <Filter>Header Files</Filter>
    </ClInclude>
    <ClInclude Include="croissant.h">
      <Filter>Header Files</Filter>
    </ClInclude>
    <ClInclude Include="ecler.h">
      <Filter>Header Files</Filter>
    </ClInclude>
    <ClInclude Include="strudel.h">
      <Filter>Header Files</Filter>
    </ClInclude>
  </ItemGroup>
</Project>